
Microsoft Visual Studio Solution File, Format Version 12.00
# Visual Studio Version 17
VisualStudioVersion = 17.7.34202.233
MinimumVisualStudioVersion = 10.0.40219.1
Project("{FAE04EC0-301F-11D3-BF4B-00C04F79EFBC}") = "BasicMiddleware", "BasicMiddleware\BasicMiddleware.csproj", "{DDF60F4F-F5FF-4521-B324-663B0D97EC09}"
EndProject
Global
	GlobalSection(SolutionConfigurationPlatforms) = preSolution
		Debug|Any CPU = Debug|Any CPU
		Release|Any CPU = Release|Any CPU
	EndGlobalSection
	GlobalSection(ProjectConfigurationPlatforms) = postSolution
		{DDF60F4F-F5FF-4521-B324-663B0D97EC09}.Debug|Any CPU.ActiveCfg = Debug|Any CPU
		{DDF60F4F-F5FF-4521-B324-663B0D97EC09}.Debug|Any CPU.Build.0 = Debug|Any CPU
		{DDF60F4F-F5FF-4521-B324-663B0D97EC09}.Release|Any CPU.ActiveCfg = Release|Any CPU
		{DDF60F4F-F5FF-4521-B324-663B0D97EC09}.Release|Any CPU.Build.0 = Release|Any CPU
	EndGlobalSection
	GlobalSection(SolutionProperties) = preSolution
		HideSolutionNode = FALSE
	EndGlobalSection
	GlobalSection(ExtensibilityGlobals) = postSolution
		SolutionGuid = {F26DEAB9-F8D8-4A02-9F05-84DB4CB7EACB}
	EndGlobalSection
EndGlobal
