
Microsoft Visual Studio Solution File, Format Version 12.00
# Visual Studio Version 17
VisualStudioVersion = 17.5.33530.505
MinimumVisualStudioVersion = 10.0.40219.1
Project("{FAE04EC0-301F-11D3-BF4B-00C04F79EFBC}") = "DropWhileTest", "DropWhileTest\DropWhileTest.csproj", "{734E0CDD-9E38-4C65-9C67-EEE9B5522D72}"
EndProject
Global
	GlobalSection(SolutionConfigurationPlatforms) = preSolution
		Debug|Any CPU = Debug|Any CPU
		Release|Any CPU = Release|Any CPU
	EndGlobalSection
	GlobalSection(ProjectConfigurationPlatforms) = postSolution
		{734E0CDD-9E38-4C65-9C67-EEE9B5522D72}.Debug|Any CPU.ActiveCfg = Debug|Any CPU
		{734E0CDD-9E38-4C65-9C67-EEE9B5522D72}.Debug|Any CPU.Build.0 = Debug|Any CPU
		{734E0CDD-9E38-4C65-9C67-EEE9B5522D72}.Release|Any CPU.ActiveCfg = Release|Any CPU
		{734E0CDD-9E38-4C65-9C67-EEE9B5522D72}.Release|Any CPU.Build.0 = Release|Any CPU
	EndGlobalSection
	GlobalSection(SolutionProperties) = preSolution
		HideSolutionNode = FALSE
	EndGlobalSection
	GlobalSection(ExtensibilityGlobals) = postSolution
		SolutionGuid = {296D8424-68B3-4BCB-A94F-5DCE652B8BB1}
	EndGlobalSection
EndGlobal
