
Microsoft Visual Studio Solution File, Format Version 12.00
# Visual Studio Version 17
VisualStudioVersion = 17.5.33530.505
MinimumVisualStudioVersion = 10.0.40219.1
Project("{FAE04EC0-301F-11D3-BF4B-00C04F79EFBC}") = "LearnImmutable", "LearnImmutable\LearnImmutable.csproj", "{C2EB4ED9-198A-4F1D-860C-4A4FA3B54CC1}"
EndProject
Global
	GlobalSection(SolutionConfigurationPlatforms) = preSolution
		Debug|Any CPU = Debug|Any CPU
		Release|Any CPU = Release|Any CPU
	EndGlobalSection
	GlobalSection(ProjectConfigurationPlatforms) = postSolution
		{C2EB4ED9-198A-4F1D-860C-4A4FA3B54CC1}.Debug|Any CPU.ActiveCfg = Debug|Any CPU
		{C2EB4ED9-198A-4F1D-860C-4A4FA3B54CC1}.Debug|Any CPU.Build.0 = Debug|Any CPU
		{C2EB4ED9-198A-4F1D-860C-4A4FA3B54CC1}.Release|Any CPU.ActiveCfg = Release|Any CPU
		{C2EB4ED9-198A-4F1D-860C-4A4FA3B54CC1}.Release|Any CPU.Build.0 = Release|Any CPU
	EndGlobalSection
	GlobalSection(SolutionProperties) = preSolution
		HideSolutionNode = FALSE
	EndGlobalSection
	GlobalSection(ExtensibilityGlobals) = postSolution
		SolutionGuid = {014B3742-EA54-4B3F-A7B5-386E1475CC17}
	EndGlobalSection
EndGlobal
