
Microsoft Visual Studio Solution File, Format Version 12.00
# Visual Studio Version 17
VisualStudioVersion = 17.7.34202.233
MinimumVisualStudioVersion = 10.0.40219.1
Project("{FAE04EC0-301F-11D3-BF4B-00C04F79EFBC}") = "ConsoleAppConfig", "ConsoleAppConfig.csproj", "{18E1AE7F-DF5D-4808-91E6-63A8E32689A8}"
EndProject
Project("{FAE04EC0-301F-11D3-BF4B-00C04F79EFBC}") = "WebappAppConfig", "..\WebappAppConfig\WebappAppConfig.csproj", "{4B4AF4C7-C887-4E29-97E9-56172C4FF39C}"
EndProject
Global
	GlobalSection(SolutionConfigurationPlatforms) = preSolution
		Debug|Any CPU = Debug|Any CPU
		Release|Any CPU = Release|Any CPU
	EndGlobalSection
	GlobalSection(ProjectConfigurationPlatforms) = postSolution
		{18E1AE7F-DF5D-4808-91E6-63A8E32689A8}.Debug|Any CPU.ActiveCfg = Debug|Any CPU
		{18E1AE7F-DF5D-4808-91E6-63A8E32689A8}.Debug|Any CPU.Build.0 = Debug|Any CPU
		{18E1AE7F-DF5D-4808-91E6-63A8E32689A8}.Release|Any CPU.ActiveCfg = Release|Any CPU
		{18E1AE7F-DF5D-4808-91E6-63A8E32689A8}.Release|Any CPU.Build.0 = Release|Any CPU
		{4B4AF4C7-C887-4E29-97E9-56172C4FF39C}.Debug|Any CPU.ActiveCfg = Debug|Any CPU
		{4B4AF4C7-C887-4E29-97E9-56172C4FF39C}.Debug|Any CPU.Build.0 = Debug|Any CPU
		{4B4AF4C7-C887-4E29-97E9-56172C4FF39C}.Release|Any CPU.ActiveCfg = Release|Any CPU
		{4B4AF4C7-C887-4E29-97E9-56172C4FF39C}.Release|Any CPU.Build.0 = Release|Any CPU
	EndGlobalSection
	GlobalSection(SolutionProperties) = preSolution
		HideSolutionNode = FALSE
	EndGlobalSection
	GlobalSection(ExtensibilityGlobals) = postSolution
		SolutionGuid = {34277680-2266-439F-BD1F-5B502AF5033F}
	EndGlobalSection
EndGlobal
