
Microsoft Visual Studio Solution File, Format Version 12.00
# Visual Studio Version 17
VisualStudioVersion = 17.5.33530.505
MinimumVisualStudioVersion = 10.0.40219.1
Project("{FAE04EC0-301F-11D3-BF4B-00C04F79EFBC}") = "EventExercise", "EventExercise\EventExercise.csproj", "{00BD81B5-4193-46A9-8296-E6D09972A4F0}"
EndProject
Global
	GlobalSection(SolutionConfigurationPlatforms) = preSolution
		Debug|Any CPU = Debug|Any CPU
		Release|Any CPU = Release|Any CPU
	EndGlobalSection
	GlobalSection(ProjectConfigurationPlatforms) = postSolution
		{00BD81B5-4193-46A9-8296-E6D09972A4F0}.Debug|Any CPU.ActiveCfg = Debug|Any CPU
		{00BD81B5-4193-46A9-8296-E6D09972A4F0}.Debug|Any CPU.Build.0 = Debug|Any CPU
		{00BD81B5-4193-46A9-8296-E6D09972A4F0}.Release|Any CPU.ActiveCfg = Release|Any CPU
		{00BD81B5-4193-46A9-8296-E6D09972A4F0}.Release|Any CPU.Build.0 = Release|Any CPU
	EndGlobalSection
	GlobalSection(SolutionProperties) = preSolution
		HideSolutionNode = FALSE
	EndGlobalSection
	GlobalSection(ExtensibilityGlobals) = postSolution
		SolutionGuid = {58AF6C05-14E4-48A9-98AF-C850F9FDF483}
	EndGlobalSection
EndGlobal
