
Microsoft Visual Studio Solution File, Format Version 12.00
# Visual Studio Version 17
VisualStudioVersion = 17.7.34202.233
MinimumVisualStudioVersion = 10.0.40219.1
Project("{FAE04EC0-301F-11D3-BF4B-00C04F79EFBC}") = "FunctionWithAppConfig", "FunctionWithAppConfig.csproj", "{7EF65B9A-CC90-4428-A264-29E35F5C96A2}"
EndProject
Project("{FAE04EC0-301F-11D3-BF4B-00C04F79EFBC}") = "ConsoleAppTableReference", "..\ConsoleAppTableReference\ConsoleAppTableReference.csproj", "{1D5E250C-621D-4A80-B02B-6B329BD795A7}"
EndProject
Global
	GlobalSection(SolutionConfigurationPlatforms) = preSolution
		Debug|Any CPU = Debug|Any CPU
		Release|Any CPU = Release|Any CPU
	EndGlobalSection
	GlobalSection(ProjectConfigurationPlatforms) = postSolution
		{7EF65B9A-CC90-4428-A264-29E35F5C96A2}.Debug|Any CPU.ActiveCfg = Debug|Any CPU
		{7EF65B9A-CC90-4428-A264-29E35F5C96A2}.Debug|Any CPU.Build.0 = Debug|Any CPU
		{7EF65B9A-CC90-4428-A264-29E35F5C96A2}.Release|Any CPU.ActiveCfg = Release|Any CPU
		{7EF65B9A-CC90-4428-A264-29E35F5C96A2}.Release|Any CPU.Build.0 = Release|Any CPU
		{1D5E250C-621D-4A80-B02B-6B329BD795A7}.Debug|Any CPU.ActiveCfg = Debug|Any CPU
		{1D5E250C-621D-4A80-B02B-6B329BD795A7}.Debug|Any CPU.Build.0 = Debug|Any CPU
		{1D5E250C-621D-4A80-B02B-6B329BD795A7}.Release|Any CPU.ActiveCfg = Release|Any CPU
		{1D5E250C-621D-4A80-B02B-6B329BD795A7}.Release|Any CPU.Build.0 = Release|Any CPU
	EndGlobalSection
	GlobalSection(SolutionProperties) = preSolution
		HideSolutionNode = FALSE
	EndGlobalSection
	GlobalSection(ExtensibilityGlobals) = postSolution
		SolutionGuid = {5232AAC7-7019-4838-9040-F21C66C1E4FC}
	EndGlobalSection
EndGlobal
