
Microsoft Visual Studio Solution File, Format Version 12.00
# Visual Studio Version 17
VisualStudioVersion = 17.7.34202.233
MinimumVisualStudioVersion = 10.0.40219.1
Project("{FAE04EC0-301F-11D3-BF4B-00C04F79EFBC}") = "ServiceBusTopicSample", "ServiceBusTopicSample.csproj", "{36DC8D87-A67E-4A2A-97DC-2A22A6B7201D}"
EndProject
Global
	GlobalSection(SolutionConfigurationPlatforms) = preSolution
		Debug|Any CPU = Debug|Any CPU
		Release|Any CPU = Release|Any CPU
	EndGlobalSection
	GlobalSection(ProjectConfigurationPlatforms) = postSolution
		{36DC8D87-A67E-4A2A-97DC-2A22A6B7201D}.Debug|Any CPU.ActiveCfg = Debug|Any CPU
		{36DC8D87-A67E-4A2A-97DC-2A22A6B7201D}.Debug|Any CPU.Build.0 = Debug|Any CPU
		{36DC8D87-A67E-4A2A-97DC-2A22A6B7201D}.Release|Any CPU.ActiveCfg = Release|Any CPU
		{36DC8D87-A67E-4A2A-97DC-2A22A6B7201D}.Release|Any CPU.Build.0 = Release|Any CPU
	EndGlobalSection
	GlobalSection(SolutionProperties) = preSolution
		HideSolutionNode = FALSE
	EndGlobalSection
	GlobalSection(ExtensibilityGlobals) = postSolution
		SolutionGuid = {C2733D55-C0D8-49C1-A0D8-8EBCCDBF2927}
	EndGlobalSection
EndGlobal
