
Microsoft Visual Studio Solution File, Format Version 12.00
# Visual Studio Version 17
VisualStudioVersion = 17.5.33530.505
MinimumVisualStudioVersion = 10.0.40219.1
Project("{FAE04EC0-301F-11D3-BF4B-00C04F79EFBC}") = "LeetMergeOverlap", "LeetMergeOverlap\LeetMergeOverlap.csproj", "{5436C518-874F-47FB-B5A8-2385A4EE7B45}"
EndProject
Global
	GlobalSection(SolutionConfigurationPlatforms) = preSolution
		Debug|Any CPU = Debug|Any CPU
		Release|Any CPU = Release|Any CPU
	EndGlobalSection
	GlobalSection(ProjectConfigurationPlatforms) = postSolution
		{5436C518-874F-47FB-B5A8-2385A4EE7B45}.Debug|Any CPU.ActiveCfg = Debug|Any CPU
		{5436C518-874F-47FB-B5A8-2385A4EE7B45}.Debug|Any CPU.Build.0 = Debug|Any CPU
		{5436C518-874F-47FB-B5A8-2385A4EE7B45}.Release|Any CPU.ActiveCfg = Release|Any CPU
		{5436C518-874F-47FB-B5A8-2385A4EE7B45}.Release|Any CPU.Build.0 = Release|Any CPU
	EndGlobalSection
	GlobalSection(SolutionProperties) = preSolution
		HideSolutionNode = FALSE
	EndGlobalSection
	GlobalSection(ExtensibilityGlobals) = postSolution
		SolutionGuid = {185B2BB3-9554-437A-8BF4-5AA717C6897C}
	EndGlobalSection
EndGlobal
