
Microsoft Visual Studio Solution File, Format Version 12.00
# Visual Studio Version 17
VisualStudioVersion = 17.9.34310.174
MinimumVisualStudioVersion = 10.0.40219.1
Project("{FAE04EC0-301F-11D3-BF4B-00C04F79EFBC}") = "RazorPagesMovie", "RazorPagesMovie\RazorPagesMovie.csproj", "{D0EBBDA8-0026-4562-A2FF-C71E4576101C}"
EndProject
Global
	GlobalSection(SolutionConfigurationPlatforms) = preSolution
		Debug|Any CPU = Debug|Any CPU
		Release|Any CPU = Release|Any CPU
	EndGlobalSection
	GlobalSection(ProjectConfigurationPlatforms) = postSolution
		{D0EBBDA8-0026-4562-A2FF-C71E4576101C}.Debug|Any CPU.ActiveCfg = Debug|Any CPU
		{D0EBBDA8-0026-4562-A2FF-C71E4576101C}.Debug|Any CPU.Build.0 = Debug|Any CPU
		{D0EBBDA8-0026-4562-A2FF-C71E4576101C}.Release|Any CPU.ActiveCfg = Release|Any CPU
		{D0EBBDA8-0026-4562-A2FF-C71E4576101C}.Release|Any CPU.Build.0 = Release|Any CPU
	EndGlobalSection
	GlobalSection(SolutionProperties) = preSolution
		HideSolutionNode = FALSE
	EndGlobalSection
	GlobalSection(ExtensibilityGlobals) = postSolution
		SolutionGuid = {09ED683E-B51B-4C16-BCA5-3112E21233D0}
	EndGlobalSection
EndGlobal
